
Microsoft Visual Studio Solution File, Format Version 11.00
# Visual Studio 2010
Project("{FAE04EC0-301F-11D3-BF4B-00C04F79EFBC}") = "SerializationStorage", "SerializationStorage\SerializationStorage.csproj", "{64D19366-5E31-487E-9394-F8C352D9D927}"
EndProject
Project("{FAE04EC0-301F-11D3-BF4B-00C04F79EFBC}") = "SerializationStorageTests", "SerializationStorageTests\SerializationStorageTests.csproj", "{08A70969-05B4-4AE6-9046-37F493F19CAB}"
EndProject
Project("{2150E333-8FDC-42A3-9474-1A3956D46DE8}") = "Solution Items", "Solution Items", "{450400B9-B39C-4A6A-922B-E2D275D33DFB}"
	ProjectSection(SolutionItems) = preProject
		Local.testsettings = Local.testsettings
		SerializationStorage.vsmdi = SerializationStorage.vsmdi
		TraceAndTestImpact.testsettings = TraceAndTestImpact.testsettings
	EndProjectSection
EndProject
Global
	GlobalSection(TestCaseManagementSettings) = postSolution
		CategoryFile = SerializationStorage.vsmdi
	EndGlobalSection
	GlobalSection(SolutionConfigurationPlatforms) = preSolution
		Debug|Any CPU = Debug|Any CPU
		Release|Any CPU = Release|Any CPU
	EndGlobalSection
	GlobalSection(ProjectConfigurationPlatforms) = postSolution
		{64D19366-5E31-487E-9394-F8C352D9D927}.Debug|Any CPU.ActiveCfg = Debug|Any CPU
		{64D19366-5E31-487E-9394-F8C352D9D927}.Debug|Any CPU.Build.0 = Debug|Any CPU
		{64D19366-5E31-487E-9394-F8C352D9D927}.Release|Any CPU.ActiveCfg = Release|Any CPU
		{64D19366-5E31-487E-9394-F8C352D9D927}.Release|Any CPU.Build.0 = Release|Any CPU
		{08A70969-05B4-4AE6-9046-37F493F19CAB}.Debug|Any CPU.ActiveCfg = Debug|Any CPU
		{08A70969-05B4-4AE6-9046-37F493F19CAB}.Debug|Any CPU.Build.0 = Debug|Any CPU
		{08A70969-05B4-4AE6-9046-37F493F19CAB}.Release|Any CPU.ActiveCfg = Release|Any CPU
		{08A70969-05B4-4AE6-9046-37F493F19CAB}.Release|Any CPU.Build.0 = Release|Any CPU
	EndGlobalSection
	GlobalSection(SolutionProperties) = preSolution
		HideSolutionNode = FALSE
	EndGlobalSection
EndGlobal
